
Microsoft Visual Studio Solution File, Format Version 12.00
# Visual Studio Version 16
VisualStudioVersion = 16.0.31702.278
MinimumVisualStudioVersion = 10.0.40219.1
Project("{FAE04EC0-301F-11D3-BF4B-00C04F79EFBC}") = "ASM1", "ASM1\ASM1.csproj", "{110BB6F7-B560-4E88-8AC6-732390CEE88B}"
EndProject
Global
	GlobalSection(SolutionConfigurationPlatforms) = preSolution
		Debug|ARM = Debug|ARM
		Debug|ARM64 = Debug|ARM64
		Debug|x64 = Debug|x64
		Debug|x86 = Debug|x86
		Release|ARM = Release|ARM
		Release|ARM64 = Release|ARM64
		Release|x64 = Release|x64
		Release|x86 = Release|x86
	EndGlobalSection
	GlobalSection(ProjectConfigurationPlatforms) = postSolution
		{110BB6F7-B560-4E88-8AC6-732390CEE88B}.Debug|ARM.ActiveCfg = Debug|ARM
		{110BB6F7-B560-4E88-8AC6-732390CEE88B}.Debug|ARM.Build.0 = Debug|ARM
		{110BB6F7-B560-4E88-8AC6-732390CEE88B}.Debug|ARM.Deploy.0 = Debug|ARM
		{110BB6F7-B560-4E88-8AC6-732390CEE88B}.Debug|ARM64.ActiveCfg = Debug|ARM64
		{110BB6F7-B560-4E88-8AC6-732390CEE88B}.Debug|ARM64.Build.0 = Debug|ARM64
		{110BB6F7-B560-4E88-8AC6-732390CEE88B}.Debug|ARM64.Deploy.0 = Debug|ARM64
		{110BB6F7-B560-4E88-8AC6-732390CEE88B}.Debug|x64.ActiveCfg = Debug|x64
		{110BB6F7-B560-4E88-8AC6-732390CEE88B}.Debug|x64.Build.0 = Debug|x64
		{110BB6F7-B560-4E88-8AC6-732390CEE88B}.Debug|x64.Deploy.0 = Debug|x64
		{110BB6F7-B560-4E88-8AC6-732390CEE88B}.Debug|x86.ActiveCfg = Debug|x86
		{110BB6F7-B560-4E88-8AC6-732390CEE88B}.Debug|x86.Build.0 = Debug|x86
		{110BB6F7-B560-4E88-8AC6-732390CEE88B}.Debug|x86.Deploy.0 = Debug|x86
		{110BB6F7-B560-4E88-8AC6-732390CEE88B}.Release|ARM.ActiveCfg = Release|ARM
		{110BB6F7-B560-4E88-8AC6-732390CEE88B}.Release|ARM.Build.0 = Release|ARM
		{110BB6F7-B560-4E88-8AC6-732390CEE88B}.Release|ARM.Deploy.0 = Release|ARM
		{110BB6F7-B560-4E88-8AC6-732390CEE88B}.Release|ARM64.ActiveCfg = Release|ARM64
		{110BB6F7-B560-4E88-8AC6-732390CEE88B}.Release|ARM64.Build.0 = Release|ARM64
		{110BB6F7-B560-4E88-8AC6-732390CEE88B}.Release|ARM64.Deploy.0 = Release|ARM64
		{110BB6F7-B560-4E88-8AC6-732390CEE88B}.Release|x64.ActiveCfg = Release|x64
		{110BB6F7-B560-4E88-8AC6-732390CEE88B}.Release|x64.Build.0 = Release|x64
		{110BB6F7-B560-4E88-8AC6-732390CEE88B}.Release|x64.Deploy.0 = Release|x64
		{110BB6F7-B560-4E88-8AC6-732390CEE88B}.Release|x86.ActiveCfg = Release|x86
		{110BB6F7-B560-4E88-8AC6-732390CEE88B}.Release|x86.Build.0 = Release|x86
		{110BB6F7-B560-4E88-8AC6-732390CEE88B}.Release|x86.Deploy.0 = Release|x86
	EndGlobalSection
	GlobalSection(SolutionProperties) = preSolution
		HideSolutionNode = FALSE
	EndGlobalSection
	GlobalSection(ExtensibilityGlobals) = postSolution
		SolutionGuid = {3DD697A1-BCFC-4AB8-B18E-5CBA75A5A170}
	EndGlobalSection
EndGlobal
